
Microsoft Visual Studio Solution File, Format Version 12.00
# Visual Studio Version 16
VisualStudioVersion = 16.0.810.8
MinimumVisualStudioVersion = 10.0.40219.1
Project("{FAE04EC0-301F-11D3-BF4B-00C04F79EFBC}") = "BasicClasses", "BasicClasses\BasicClasses.csproj", "{2CE63C9B-2363-4F20-83AB-421C08806643}"
EndProject
Global
	GlobalSection(SolutionConfigurationPlatforms) = preSolution
		Debug|Any CPU = Debug|Any CPU
		Release|Any CPU = Release|Any CPU
	EndGlobalSection
	GlobalSection(ProjectConfigurationPlatforms) = postSolution
		{2CE63C9B-2363-4F20-83AB-421C08806643}.Debug|Any CPU.ActiveCfg = Debug|Any CPU
		{2CE63C9B-2363-4F20-83AB-421C08806643}.Debug|Any CPU.Build.0 = Debug|Any CPU
		{2CE63C9B-2363-4F20-83AB-421C08806643}.Release|Any CPU.ActiveCfg = Release|Any CPU
		{2CE63C9B-2363-4F20-83AB-421C08806643}.Release|Any CPU.Build.0 = Release|Any CPU
	EndGlobalSection
	GlobalSection(SolutionProperties) = preSolution
		HideSolutionNode = FALSE
	EndGlobalSection
	GlobalSection(ExtensibilityGlobals) = postSolution
		SolutionGuid = {FD95E18C-B73A-4CF8-9ECD-364A22ED8A62}
	EndGlobalSection
EndGlobal
